// !$*UTF8*$!
{
	archiveVersion = 1;
	classes = {
	};
	objectVersion = 46;
	objects = {

/* Begin PBXBuildFile section */
		38CC7D3180F258368D15B0D9 /* Pods_AmaCloneTests.framework in Frameworks */ = {isa = PBXBuildFile; fileRef = 689267DFDD034EA803B1F926 /* Pods_AmaCloneTests.framework */; };
		AE1497D812CEC3C5B3465546 /* Pods_AmaCloneUITests.framework in Frameworks */ = {isa = PBXBuildFile; fileRef = 03F382ABF229BE95490F1545 /* Pods_AmaCloneUITests.framework */; };
		D3D4FDE1CCDBE4B86A3E272E /* Pods_AmaClone.framework in Frameworks */ = {isa = PBXBuildFile; fileRef = 1F8BB4F1831C9377D97E31B1 /* Pods_AmaClone.framework */; };
		E96E3D871DCC2D39007CD147 /* Product.swift in Sources */ = {isa = PBXBuildFile; fileRef = E96E3D861DCC2D39007CD147 /* Product.swift */; };
		E9C56C781DCBEAE50076F8D9 /* AppDelegate.swift in Sources */ = {isa = PBXBuildFile; fileRef = E9C56C771DCBEAE50076F8D9 /* AppDelegate.swift */; };
		E9C56C7D1DCBEAE50076F8D9 /* Main.storyboard in Resources */ = {isa = PBXBuildFile; fileRef = E9C56C7B1DCBEAE50076F8D9 /* Main.storyboard */; };
		E9C56C801DCBEAE50076F8D9 /* AmaClone.xcdatamodeld in Sources */ = {isa = PBXBuildFile; fileRef = E9C56C7E1DCBEAE50076F8D9 /* AmaClone.xcdatamodeld */; };
		E9C56C821DCBEAE50076F8D9 /* Assets.xcassets in Resources */ = {isa = PBXBuildFile; fileRef = E9C56C811DCBEAE50076F8D9 /* Assets.xcassets */; };
		E9C56C851DCBEAE50076F8D9 /* LaunchScreen.storyboard in Resources */ = {isa = PBXBuildFile; fileRef = E9C56C831DCBEAE50076F8D9 /* LaunchScreen.storyboard */; };
		E9C56C901DCBEAE50076F8D9 /* AmaCloneTests.swift in Sources */ = {isa = PBXBuildFile; fileRef = E9C56C8F1DCBEAE50076F8D9 /* AmaCloneTests.swift */; };
		E9C56C9B1DCBEAE50076F8D9 /* AmaCloneUITests.swift in Sources */ = {isa = PBXBuildFile; fileRef = E9C56C9A1DCBEAE50076F8D9 /* AmaCloneUITests.swift */; };
		E9C56CA91DCBEB1C0076F8D9 /* ProductViewController.swift in Sources */ = {isa = PBXBuildFile; fileRef = E9C56CA81DCBEB1C0076F8D9 /* ProductViewController.swift */; };
		E9C56CAF1DCBFA1A0076F8D9 /* AmaAPI.swift in Sources */ = {isa = PBXBuildFile; fileRef = E9C56CAE1DCBFA1A0076F8D9 /* AmaAPI.swift */; };
/* End PBXBuildFile section */

/* Begin PBXContainerItemProxy section */
		E9C56C8C1DCBEAE50076F8D9 /* PBXContainerItemProxy */ = {
			isa = PBXContainerItemProxy;
			containerPortal = E9C56C6C1DCBEAE50076F8D9 /* Project object */;
			proxyType = 1;
			remoteGlobalIDString = E9C56C731DCBEAE50076F8D9;
			remoteInfo = AmaClone;
		};
		E9C56C971DCBEAE50076F8D9 /* PBXContainerItemProxy */ = {
			isa = PBXContainerItemProxy;
			containerPortal = E9C56C6C1DCBEAE50076F8D9 /* Project object */;
			proxyType = 1;
			remoteGlobalIDString = E9C56C731DCBEAE50076F8D9;
			remoteInfo = AmaClone;
		};
/* End PBXContainerItemProxy section */

/* Begin PBXFileReference section */
		03F382ABF229BE95490F1545 /* Pods_AmaCloneUITests.framework */ = {isa = PBXFileReference; explicitFileType = wrapper.framework; includeInIndex = 0; path = Pods_AmaCloneUITests.framework; sourceTree = BUILT_PRODUCTS_DIR; };
		1F8BB4F1831C9377D97E31B1 /* Pods_AmaClone.framework */ = {isa = PBXFileReference; explicitFileType = wrapper.framework; includeInIndex = 0; path = Pods_AmaClone.framework; sourceTree = BUILT_PRODUCTS_DIR; };
		4800D03F524F3EDDC1D2B498 /* Pods-AmaCloneTests.debug.xcconfig */ = {isa = PBXFileReference; includeInIndex = 1; lastKnownFileType = text.xcconfig; name = "Pods-AmaCloneTests.debug.xcconfig"; path = "Pods/Target Support Files/Pods-AmaCloneTests/Pods-AmaCloneTests.debug.xcconfig"; sourceTree = "<group>"; };
		599271862F48C9381F24F3A6 /* Pods-AmaCloneTests.release.xcconfig */ = {isa = PBXFileReference; includeInIndex = 1; lastKnownFileType = text.xcconfig; name = "Pods-AmaCloneTests.release.xcconfig"; path = "Pods/Target Support Files/Pods-AmaCloneTests/Pods-AmaCloneTests.release.xcconfig"; sourceTree = "<group>"; };
		689267DFDD034EA803B1F926 /* Pods_AmaCloneTests.framework */ = {isa = PBXFileReference; explicitFileType = wrapper.framework; includeInIndex = 0; path = Pods_AmaCloneTests.framework; sourceTree = BUILT_PRODUCTS_DIR; };
		90366946EE0665DC1B27380F /* Pods-AmaCloneUITests.debug.xcconfig */ = {isa = PBXFileReference; includeInIndex = 1; lastKnownFileType = text.xcconfig; name = "Pods-AmaCloneUITests.debug.xcconfig"; path = "Pods/Target Support Files/Pods-AmaCloneUITests/Pods-AmaCloneUITests.debug.xcconfig"; sourceTree = "<group>"; };
		A326DE31EC82D7C7AD0811EE /* Pods-AmaClone.debug.xcconfig */ = {isa = PBXFileReference; includeInIndex = 1; lastKnownFileType = text.xcconfig; name = "Pods-AmaClone.debug.xcconfig"; path = "Pods/Target Support Files/Pods-AmaClone/Pods-AmaClone.debug.xcconfig"; sourceTree = "<group>"; };
		C3C7606F174249D5676FBF43 /* Pods-AmaCloneUITests.release.xcconfig */ = {isa = PBXFileReference; includeInIndex = 1; lastKnownFileType = text.xcconfig; name = "Pods-AmaCloneUITests.release.xcconfig"; path = "Pods/Target Support Files/Pods-AmaCloneUITests/Pods-AmaCloneUITests.release.xcconfig"; sourceTree = "<group>"; };
		DEDA70F77067A4B6CCEECFAC /* Pods-AmaClone.release.xcconfig */ = {isa = PBXFileReference; includeInIndex = 1; lastKnownFileType = text.xcconfig; name = "Pods-AmaClone.release.xcconfig"; path = "Pods/Target Support Files/Pods-AmaClone/Pods-AmaClone.release.xcconfig"; sourceTree = "<group>"; };
		E96E3D861DCC2D39007CD147 /* Product.swift */ = {isa = PBXFileReference; fileEncoding = 4; lastKnownFileType = sourcecode.swift; path = Product.swift; sourceTree = "<group>"; };
		E9C56C741DCBEAE50076F8D9 /* AmaClone.app */ = {isa = PBXFileReference; explicitFileType = wrapper.application; includeInIndex = 0; path = AmaClone.app; sourceTree = BUILT_PRODUCTS_DIR; };
		E9C56C771DCBEAE50076F8D9 /* AppDelegate.swift */ = {isa = PBXFileReference; lastKnownFileType = sourcecode.swift; path = AppDelegate.swift; sourceTree = "<group>"; };
		E9C56C7C1DCBEAE50076F8D9 /* Base */ = {isa = PBXFileReference; lastKnownFileType = file.storyboard; name = Base; path = Base.lproj/Main.storyboard; sourceTree = "<group>"; };
		E9C56C7F1DCBEAE50076F8D9 /* AmaClone.xcdatamodel */ = {isa = PBXFileReference; lastKnownFileType = wrapper.xcdatamodel; path = AmaClone.xcdatamodel; sourceTree = "<group>"; };
		E9C56C811DCBEAE50076F8D9 /* Assets.xcassets */ = {isa = PBXFileReference; lastKnownFileType = folder.assetcatalog; path = Assets.xcassets; sourceTree = "<group>"; };
		E9C56C841DCBEAE50076F8D9 /* Base */ = {isa = PBXFileReference; lastKnownFileType = file.storyboard; name = Base; path = Base.lproj/LaunchScreen.storyboard; sourceTree = "<group>"; };
		E9C56C861DCBEAE50076F8D9 /* Info.plist */ = {isa = PBXFileReference; lastKnownFileType = text.plist.xml; path = Info.plist; sourceTree = "<group>"; };
		E9C56C8B1DCBEAE50076F8D9 /* AmaCloneTests.xctest */ = {isa = PBXFileReference; explicitFileType = wrapper.cfbundle; includeInIndex = 0; path = AmaCloneTests.xctest; sourceTree = BUILT_PRODUCTS_DIR; };
		E9C56C8F1DCBEAE50076F8D9 /* AmaCloneTests.swift */ = {isa = PBXFileReference; lastKnownFileType = sourcecode.swift; path = AmaCloneTests.swift; sourceTree = "<group>"; };
		E9C56C911DCBEAE50076F8D9 /* Info.plist */ = {isa = PBXFileReference; lastKnownFileType = text.plist.xml; path = Info.plist; sourceTree = "<group>"; };
		E9C56C961DCBEAE50076F8D9 /* AmaCloneUITests.xctest */ = {isa = PBXFileReference; explicitFileType = wrapper.cfbundle; includeInIndex = 0; path = AmaCloneUITests.xctest; sourceTree = BUILT_PRODUCTS_DIR; };
		E9C56C9A1DCBEAE50076F8D9 /* AmaCloneUITests.swift */ = {isa = PBXFileReference; lastKnownFileType = sourcecode.swift; path = AmaCloneUITests.swift; sourceTree = "<group>"; };
		E9C56C9C1DCBEAE50076F8D9 /* Info.plist */ = {isa = PBXFileReference; lastKnownFileType = text.plist.xml; path = Info.plist; sourceTree = "<group>"; };
		E9C56CA81DCBEB1C0076F8D9 /* ProductViewController.swift */ = {isa = PBXFileReference; fileEncoding = 4; lastKnownFileType = sourcecode.swift; name = ProductViewController.swift; path = ../ProductViewController.swift; sourceTree = "<group>"; };
		E9C56CAE1DCBFA1A0076F8D9 /* AmaAPI.swift */ = {isa = PBXFileReference; fileEncoding = 4; lastKnownFileType = sourcecode.swift; name = AmaAPI.swift; path = ../AmaAPI.swift; sourceTree = "<group>"; };
		E9D2BF071DCC34A50054D96E /* SwiftDate.playground */ = {isa = PBXFileReference; lastKnownFileType = file.playground; name = SwiftDate.playground; path = AmaClone/SwiftDate.playground; sourceTree = "<group>"; };
/* End PBXFileReference section */

/* Begin PBXFrameworksBuildPhase section */
		E9C56C711DCBEAE50076F8D9 /* Frameworks */ = {
			isa = PBXFrameworksBuildPhase;
			buildActionMask = 2147483647;
			files = (
				D3D4FDE1CCDBE4B86A3E272E /* Pods_AmaClone.framework in Frameworks */,
			);
			runOnlyForDeploymentPostprocessing = 0;
		};
		E9C56C881DCBEAE50076F8D9 /* Frameworks */ = {
			isa = PBXFrameworksBuildPhase;
			buildActionMask = 2147483647;
			files = (
				38CC7D3180F258368D15B0D9 /* Pods_AmaCloneTests.framework in Frameworks */,
			);
			runOnlyForDeploymentPostprocessing = 0;
		};
		E9C56C931DCBEAE50076F8D9 /* Frameworks */ = {
			isa = PBXFrameworksBuildPhase;
			buildActionMask = 2147483647;
			files = (
				AE1497D812CEC3C5B3465546 /* Pods_AmaCloneUITests.framework in Frameworks */,
			);
			runOnlyForDeploymentPostprocessing = 0;
		};
/* End PBXFrameworksBuildPhase section */

/* Begin PBXGroup section */
		97CB38C473CE6613FDB74289 /* Pods */ = {
			isa = PBXGroup;
			children = (
				A326DE31EC82D7C7AD0811EE /* Pods-AmaClone.debug.xcconfig */,
				DEDA70F77067A4B6CCEECFAC /* Pods-AmaClone.release.xcconfig */,
				4800D03F524F3EDDC1D2B498 /* Pods-AmaCloneTests.debug.xcconfig */,
				599271862F48C9381F24F3A6 /* Pods-AmaCloneTests.release.xcconfig */,
				90366946EE0665DC1B27380F /* Pods-AmaCloneUITests.debug.xcconfig */,
				C3C7606F174249D5676FBF43 /* Pods-AmaCloneUITests.release.xcconfig */,
			);
			name = Pods;
			sourceTree = "<group>";
		};
		B25DFEAA38A41F723AD1F3B5 /* Frameworks */ = {
			isa = PBXGroup;
			children = (
				1F8BB4F1831C9377D97E31B1 /* Pods_AmaClone.framework */,
				689267DFDD034EA803B1F926 /* Pods_AmaCloneTests.framework */,
				03F382ABF229BE95490F1545 /* Pods_AmaCloneUITests.framework */,
			);
			name = Frameworks;
			sourceTree = "<group>";
		};
		E96E3D851DCC2D22007CD147 /* Objects */ = {
			isa = PBXGroup;
			children = (
				E96E3D861DCC2D39007CD147 /* Product.swift */,
			);
			name = Objects;
			sourceTree = "<group>";
		};
		E9C56C6B1DCBEAE50076F8D9 = {
			isa = PBXGroup;
			children = (
				E9D2BF071DCC34A50054D96E /* SwiftDate.playground */,
				E9C56C7B1DCBEAE50076F8D9 /* Main.storyboard */,
				E9C56C761DCBEAE50076F8D9 /* AmaClone */,
				E9C56C8E1DCBEAE50076F8D9 /* AmaCloneTests */,
				E9C56C991DCBEAE50076F8D9 /* AmaCloneUITests */,
				E9C56C751DCBEAE50076F8D9 /* Products */,
				97CB38C473CE6613FDB74289 /* Pods */,
				B25DFEAA38A41F723AD1F3B5 /* Frameworks */,
			);
			sourceTree = "<group>";
		};
		E9C56C751DCBEAE50076F8D9 /* Products */ = {
			isa = PBXGroup;
			children = (
				E9C56C741DCBEAE50076F8D9 /* AmaClone.app */,
				E9C56C8B1DCBEAE50076F8D9 /* AmaCloneTests.xctest */,
				E9C56C961DCBEAE50076F8D9 /* AmaCloneUITests.xctest */,
			);
			name = Products;
			sourceTree = "<group>";
		};
		E9C56C761DCBEAE50076F8D9 /* AmaClone */ = {
			isa = PBXGroup;
			children = (
				E96E3D851DCC2D22007CD147 /* Objects */,
				E9C56CA81DCBEB1C0076F8D9 /* ProductViewController.swift */,
				E9C56CAE1DCBFA1A0076F8D9 /* AmaAPI.swift */,
				E9C56C771DCBEAE50076F8D9 /* AppDelegate.swift */,
				E9C56C811DCBEAE50076F8D9 /* Assets.xcassets */,
				E9C56C861DCBEAE50076F8D9 /* Info.plist */,
				E9C56C831DCBEAE50076F8D9 /* LaunchScreen.storyboard */,
				E9C56C7E1DCBEAE50076F8D9 /* AmaClone.xcdatamodeld */,
			);
			path = AmaClone;
			sourceTree = "<group>";
		};
		E9C56C8E1DCBEAE50076F8D9 /* AmaCloneTests */ = {
			isa = PBXGroup;
			children = (
				E9C56C8F1DCBEAE50076F8D9 /* AmaCloneTests.swift */,
				E9C56C911DCBEAE50076F8D9 /* Info.plist */,
			);
			path = AmaCloneTests;
			sourceTree = "<group>";
		};
		E9C56C991DCBEAE50076F8D9 /* AmaCloneUITests */ = {
			isa = PBXGroup;
			children = (
				E9C56C9A1DCBEAE50076F8D9 /* AmaCloneUITests.swift */,
				E9C56C9C1DCBEAE50076F8D9 /* Info.plist */,
			);
			path = AmaCloneUITests;
			sourceTree = "<group>";
		};
/* End PBXGroup section */

/* Begin PBXNativeTarget section */
		E9C56C731DCBEAE50076F8D9 /* AmaClone */ = {
			isa = PBXNativeTarget;
			buildConfigurationList = E9C56C9F1DCBEAE50076F8D9 /* Build configuration list for PBXNativeTarget "AmaClone" */;
			buildPhases = (
				8AE8F127B412CA30A90FCC06 /* [CP] Check Pods Manifest.lock */,
				E9C56C701DCBEAE50076F8D9 /* Sources */,
				E9C56C711DCBEAE50076F8D9 /* Frameworks */,
				E9C56C721DCBEAE50076F8D9 /* Resources */,
				926AFB0ABE22DCB1D17B81CE /* [CP] Embed Pods Frameworks */,
				6481DAF1965F9FD0EB774219 /* [CP] Copy Pods Resources */,
			);
			buildRules = (
			);
			dependencies = (
			);
			name = AmaClone;
			productName = AmaClone;
			productReference = E9C56C741DCBEAE50076F8D9 /* AmaClone.app */;
			productType = "com.apple.product-type.application";
		};
		E9C56C8A1DCBEAE50076F8D9 /* AmaCloneTests */ = {
			isa = PBXNativeTarget;
			buildConfigurationList = E9C56CA21DCBEAE50076F8D9 /* Build configuration list for PBXNativeTarget "AmaCloneTests" */;
			buildPhases = (
				E459BE783F6CE5FD76FF7CDD /* [CP] Check Pods Manifest.lock */,
				E9C56C871DCBEAE50076F8D9 /* Sources */,
				E9C56C881DCBEAE50076F8D9 /* Frameworks */,
				E9C56C891DCBEAE50076F8D9 /* Resources */,
				AE3F61A3A92710A7CC554480 /* [CP] Embed Pods Frameworks */,
				A41CAC5DF2A3891898C07CEE /* [CP] Copy Pods Resources */,
			);
			buildRules = (
			);
			dependencies = (
				E9C56C8D1DCBEAE50076F8D9 /* PBXTargetDependency */,
			);
			name = AmaCloneTests;
			productName = AmaCloneTests;
			productReference = E9C56C8B1DCBEAE50076F8D9 /* AmaCloneTests.xctest */;
			productType = "com.apple.product-type.bundle.unit-test";
		};
		E9C56C951DCBEAE50076F8D9 /* AmaCloneUITests */ = {
			isa = PBXNativeTarget;
			buildConfigurationList = E9C56CA51DCBEAE50076F8D9 /* Build configuration list for PBXNativeTarget "AmaCloneUITests" */;
			buildPhases = (
				E45FD6B087D606636DABE437 /* [CP] Check Pods Manifest.lock */,
				E9C56C921DCBEAE50076F8D9 /* Sources */,
				E9C56C931DCBEAE50076F8D9 /* Frameworks */,
				E9C56C941DCBEAE50076F8D9 /* Resources */,
				FE81C3ED3C53C52BBFB9EB83 /* [CP] Embed Pods Frameworks */,
				367A8CB1FB121F05198C58AE /* [CP] Copy Pods Resources */,
			);
			buildRules = (
			);
			dependencies = (
				E9C56C981DCBEAE50076F8D9 /* PBXTargetDependency */,
			);
			name = AmaCloneUITests;
			productName = AmaCloneUITests;
			productReference = E9C56C961DCBEAE50076F8D9 /* AmaCloneUITests.xctest */;
			productType = "com.apple.product-type.bundle.ui-testing";
		};
/* End PBXNativeTarget section */

/* Begin PBXProject section */
		E9C56C6C1DCBEAE50076F8D9 /* Project object */ = {
			isa = PBXProject;
			attributes = {
				LastSwiftUpdateCheck = 0810;
				LastUpgradeCheck = 0810;
				ORGANIZATIONNAME = colbyg;
				TargetAttributes = {
					E9C56C731DCBEAE50076F8D9 = {
						CreatedOnToolsVersion = 8.1;
						ProvisioningStyle = Automatic;
					};
					E9C56C8A1DCBEAE50076F8D9 = {
						CreatedOnToolsVersion = 8.1;
						ProvisioningStyle = Automatic;
						TestTargetID = E9C56C731DCBEAE50076F8D9;
					};
					E9C56C951DCBEAE50076F8D9 = {
						CreatedOnToolsVersion = 8.1;
						ProvisioningStyle = Automatic;
						TestTargetID = E9C56C731DCBEAE50076F8D9;
					};
				};
			};
			buildConfigurationList = E9C56C6F1DCBEAE50076F8D9 /* Build configuration list for PBXProject "AmaClone" */;
			compatibilityVersion = "Xcode 3.2";
			developmentRegion = English;
			hasScannedForEncodings = 0;
			knownRegions = (
				en,
				Base,
			);
			mainGroup = E9C56C6B1DCBEAE50076F8D9;
			productRefGroup = E9C56C751DCBEAE50076F8D9 /* Products */;
			projectDirPath = "";
			projectRoot = "";
			targets = (
				E9C56C731DCBEAE50076F8D9 /* AmaClone */,
				E9C56C8A1DCBEAE50076F8D9 /* AmaCloneTests */,
				E9C56C951DCBEAE50076F8D9 /* AmaCloneUITests */,
			);
		};
/* End PBXProject section */

/* Begin PBXResourcesBuildPhase section */
		E9C56C721DCBEAE50076F8D9 /* Resources */ = {
			isa = PBXResourcesBuildPhase;
			buildActionMask = 2147483647;
			files = (
				E9C56C851DCBEAE50076F8D9 /* LaunchScreen.storyboard in Resources */,
				E9C56C821DCBEAE50076F8D9 /* Assets.xcassets in Resources */,
				E9C56C7D1DCBEAE50076F8D9 /* Main.storyboard in Resources */,
			);
			runOnlyForDeploymentPostprocessing = 0;
		};
		E9C56C891DCBEAE50076F8D9 /* Resources */ = {
			isa = PBXResourcesBuildPhase;
			buildActionMask = 2147483647;
			files = (
			);
			runOnlyForDeploymentPostprocessing = 0;
		};
		E9C56C941DCBEAE50076F8D9 /* Resources */ = {
			isa = PBXResourcesBuildPhase;
			buildActionMask = 2147483647;
			files = (
			);
			runOnlyForDeploymentPostprocessing = 0;
		};
/* End PBXResourcesBuildPhase section */

/* Begin PBXShellScriptBuildPhase section */
		367A8CB1FB121F05198C58AE /* [CP] Copy Pods Resources */ = {
			isa = PBXShellScriptBuildPhase;
			buildActionMask = 2147483647;
			files = (
			);
			inputPaths = (
			);
			name = "[CP] Copy Pods Resources";
			outputPaths = (
			);
			runOnlyForDeploymentPostprocessing = 0;
			shellPath = /bin/sh;
			shellScript = "\"${SRCROOT}/Pods/Target Support Files/Pods-AmaCloneUITests/Pods-AmaCloneUITests-resources.sh\"\n";
			showEnvVarsInLog = 0;
		};
		6481DAF1965F9FD0EB774219 /* [CP] Copy Pods Resources */ = {
			isa = PBXShellScriptBuildPhase;
			buildActionMask = 2147483647;
			files = (
			);
			inputPaths = (
			);
			name = "[CP] Copy Pods Resources";
			outputPaths = (
			);
			runOnlyForDeploymentPostprocessing = 0;
			shellPath = /bin/sh;
			shellScript = "\"${SRCROOT}/Pods/Target Support Files/Pods-AmaClone/Pods-AmaClone-resources.sh\"\n";
			showEnvVarsInLog = 0;
		};
		8AE8F127B412CA30A90FCC06 /* [CP] Check Pods Manifest.lock */ = {
			isa = PBXShellScriptBuildPhase;
			buildActionMask = 2147483647;
			files = (
			);
			inputPaths = (
			);
			name = "[CP] Check Pods Manifest.lock";
			outputPaths = (
			);
			runOnlyForDeploymentPostprocessing = 0;
			shellPath = /bin/sh;
			shellScript = "diff \"${PODS_ROOT}/../Podfile.lock\" \"${PODS_ROOT}/Manifest.lock\" > /dev/null\nif [ $? != 0 ] ; then\n    # print error to STDERR\n    echo \"error: The sandbox is not in sync with the Podfile.lock. Run 'pod install' or update your CocoaPods installation.\" >&2\n    exit 1\nfi\n";
			showEnvVarsInLog = 0;
		};
		926AFB0ABE22DCB1D17B81CE /* [CP] Embed Pods Frameworks */ = {
			isa = PBXShellScriptBuildPhase;
			buildActionMask = 2147483647;
			files = (
			);
			inputPaths = (
			);
			name = "[CP] Embed Pods Frameworks";
			outputPaths = (
			);
			runOnlyForDeploymentPostprocessing = 0;
			shellPath = /bin/sh;
			shellScript = "\"${SRCROOT}/Pods/Target Support Files/Pods-AmaClone/Pods-AmaClone-frameworks.sh\"\n";
			showEnvVarsInLog = 0;
		};
		A41CAC5DF2A3891898C07CEE /* [CP] Copy Pods Resources */ = {
			isa = PBXShellScriptBuildPhase;
			buildActionMask = 2147483647;
			files = (
			);
			inputPaths = (
			);
			name = "[CP] Copy Pods Resources";
			outputPaths = (
			);
			runOnlyForDeploymentPostprocessing = 0;
			shellPath = /bin/sh;
			shellScript = "\"${SRCROOT}/Pods/Target Support Files/Pods-AmaCloneTests/Pods-AmaCloneTests-resources.sh\"\n";
			showEnvVarsInLog = 0;
		};
		AE3F61A3A92710A7CC554480 /* [CP] Embed Pods Frameworks */ = {
			isa = PBXShellScriptBuildPhase;
			buildActionMask = 2147483647;
			files = (
			);
			inputPaths = (
			);
			name = "[CP] Embed Pods Frameworks";
			outputPaths = (
			);
			runOnlyForDeploymentPostprocessing = 0;
			shellPath = /bin/sh;
			shellScript = "\"${SRCROOT}/Pods/Target Support Files/Pods-AmaCloneTests/Pods-AmaCloneTests-frameworks.sh\"\n";
			showEnvVarsInLog = 0;
		};
		E459BE783F6CE5FD76FF7CDD /* [CP] Check Pods Manifest.lock */ = {
			isa = PBXShellScriptBuildPhase;
			buildActionMask = 2147483647;
			files = (
			);
			inputPaths = (
			);
			name = "[CP] Check Pods Manifest.lock";
			outputPaths = (
			);
			runOnlyForDeploymentPostprocessing = 0;
			shellPath = /bin/sh;
			shellScript = "diff \"${PODS_ROOT}/../Podfile.lock\" \"${PODS_ROOT}/Manifest.lock\" > /dev/null\nif [ $? != 0 ] ; then\n    # print error to STDERR\n    echo \"error: The sandbox is not in sync with the Podfile.lock. Run 'pod install' or update your CocoaPods installation.\" >&2\n    exit 1\nfi\n";
			showEnvVarsInLog = 0;
		};
		E45FD6B087D606636DABE437 /* [CP] Check Pods Manifest.lock */ = {
			isa = PBXShellScriptBuildPhase;
			buildActionMask = 2147483647;
			files = (
			);
			inputPaths = (
			);
			name = "[CP] Check Pods Manifest.lock";
			outputPaths = (
			);
			runOnlyForDeploymentPostprocessing = 0;
			shellPath = /bin/sh;
			shellScript = "diff \"${PODS_ROOT}/../Podfile.lock\" \"${PODS_ROOT}/Manifest.lock\" > /dev/null\nif [ $? != 0 ] ; then\n    # print error to STDERR\n    echo \"error: The sandbox is not in sync with the Podfile.lock. Run 'pod install' or update your CocoaPods installation.\" >&2\n    exit 1\nfi\n";
			showEnvVarsInLog = 0;
		};
		FE81C3ED3C53C52BBFB9EB83 /* [CP] Embed Pods Frameworks */ = {
			isa = PBXShellScriptBuildPhase;
			buildActionMask = 2147483647;
			files = (
			);
			inputPaths = (
			);
			name = "[CP] Embed Pods Frameworks";
			outputPaths = (
			);
			runOnlyForDeploymentPostprocessing = 0;
			shellPath = /bin/sh;
			shellScript = "\"${SRCROOT}/Pods/Target Support Files/Pods-AmaCloneUITests/Pods-AmaCloneUITests-frameworks.sh\"\n";
			showEnvVarsInLog = 0;
		};
/* End PBXShellScriptBuildPhase section */

/* Begin PBXSourcesBuildPhase section */
		E9C56C701DCBEAE50076F8D9 /* Sources */ = {
			isa = PBXSourcesBuildPhase;
			buildActionMask = 2147483647;
			files = (
				E9C56CA91DCBEB1C0076F8D9 /* ProductViewController.swift in Sources */,
				E9C56CAF1DCBFA1A0076F8D9 /* AmaAPI.swift in Sources */,
				E9C56C781DCBEAE50076F8D9 /* AppDelegate.swift in Sources */,
				E9C56C801DCBEAE50076F8D9 /* AmaClone.xcdatamodeld in Sources */,
				E96E3D871DCC2D39007CD147 /* Product.swift in Sources */,
			);
			runOnlyForDeploymentPostprocessing = 0;
		};
		E9C56C871DCBEAE50076F8D9 /* Sources */ = {
			isa = PBXSourcesBuildPhase;
			buildActionMask = 2147483647;
			files = (
				E9C56C901DCBEAE50076F8D9 /* AmaCloneTests.swift in Sources */,
			);
			runOnlyForDeploymentPostprocessing = 0;
		};
		E9C56C921DCBEAE50076F8D9 /* Sources */ = {
			isa = PBXSourcesBuildPhase;
			buildActionMask = 2147483647;
			files = (
				E9C56C9B1DCBEAE50076F8D9 /* AmaCloneUITests.swift in Sources */,
			);
			runOnlyForDeploymentPostprocessing = 0;
		};
/* End PBXSourcesBuildPhase section */

/* Begin PBXTargetDependency section */
		E9C56C8D1DCBEAE50076F8D9 /* PBXTargetDependency */ = {
			isa = PBXTargetDependency;
			target = E9C56C731DCBEAE50076F8D9 /* AmaClone */;
			targetProxy = E9C56C8C1DCBEAE50076F8D9 /* PBXContainerItemProxy */;
		};
		E9C56C981DCBEAE50076F8D9 /* PBXTargetDependency */ = {
			isa = PBXTargetDependency;
			target = E9C56C731DCBEAE50076F8D9 /* AmaClone */;
			targetProxy = E9C56C971DCBEAE50076F8D9 /* PBXContainerItemProxy */;
		};
/* End PBXTargetDependency section */

/* Begin PBXVariantGroup section */
		E9C56C7B1DCBEAE50076F8D9 /* Main.storyboard */ = {
			isa = PBXVariantGroup;
			children = (
				E9C56C7C1DCBEAE50076F8D9 /* Base */,
			);
			name = Main.storyboard;
			path = AmaClone;
			sourceTree = "<group>";
		};
		E9C56C831DCBEAE50076F8D9 /* LaunchScreen.storyboard */ = {
			isa = PBXVariantGroup;
			children = (
				E9C56C841DCBEAE50076F8D9 /* Base */,
			);
			name = LaunchScreen.storyboard;
			sourceTree = "<group>";
		};
/* End PBXVariantGroup section */

/* Begin XCBuildConfiguration section */
		E9C56C9D1DCBEAE50076F8D9 /* Debug */ = {
			isa = XCBuildConfiguration;
			buildSettings = {
				ALWAYS_SEARCH_USER_PATHS = NO;
				CLANG_ANALYZER_NONNULL = YES;
				CLANG_CXX_LANGUAGE_STANDARD = "gnu++0x";
				CLANG_CXX_LIBRARY = "libc++";
				CLANG_ENABLE_MODULES = YES;
				CLANG_ENABLE_OBJC_ARC = YES;
				CLANG_WARN_BOOL_CONVERSION = YES;
				CLANG_WARN_CONSTANT_CONVERSION = YES;
				CLANG_WARN_DIRECT_OBJC_ISA_USAGE = YES_ERROR;
				CLANG_WARN_DOCUMENTATION_COMMENTS = YES;
				CLANG_WARN_EMPTY_BODY = YES;
				CLANG_WARN_ENUM_CONVERSION = YES;
				CLANG_WARN_INFINITE_RECURSION = YES;
				CLANG_WARN_INT_CONVERSION = YES;
				CLANG_WARN_OBJC_ROOT_CLASS = YES_ERROR;
				CLANG_WARN_SUSPICIOUS_MOVES = YES;
				CLANG_WARN_UNREACHABLE_CODE = YES;
				CLANG_WARN__DUPLICATE_METHOD_MATCH = YES;
				"CODE_SIGN_IDENTITY[sdk=iphoneos*]" = "iPhone Developer";
				COPY_PHASE_STRIP = NO;
				DEBUG_INFORMATION_FORMAT = dwarf;
				ENABLE_STRICT_OBJC_MSGSEND = YES;
				ENABLE_TESTABILITY = YES;
				GCC_C_LANGUAGE_STANDARD = gnu99;
				GCC_DYNAMIC_NO_PIC = NO;
				GCC_NO_COMMON_BLOCKS = YES;
				GCC_OPTIMIZATION_LEVEL = 0;
				GCC_PREPROCESSOR_DEFINITIONS = (
					"DEBUG=1",
					"$(inherited)",
				);
				GCC_WARN_64_TO_32_BIT_CONVERSION = YES;
				GCC_WARN_ABOUT_RETURN_TYPE = YES_ERROR;
				GCC_WARN_UNDECLARED_SELECTOR = YES;
				GCC_WARN_UNINITIALIZED_AUTOS = YES_AGGRESSIVE;
				GCC_WARN_UNUSED_FUNCTION = YES;
				GCC_WARN_UNUSED_VARIABLE = YES;
				IPHONEOS_DEPLOYMENT_TARGET = 10.1;
				MTL_ENABLE_DEBUG_INFO = YES;
				ONLY_ACTIVE_ARCH = YES;
				SDKROOT = iphoneos;
				SWIFT_ACTIVE_COMPILATION_CONDITIONS = DEBUG;
				SWIFT_OPTIMIZATION_LEVEL = "-Onone";
				TARGETED_DEVICE_FAMILY = "1,2";
			};
			name = Debug;
		};
		E9C56C9E1DCBEAE50076F8D9 /* Release */ = {
			isa = XCBuildConfiguration;
			buildSettings = {
				ALWAYS_SEARCH_USER_PATHS = NO;
				CLANG_ANALYZER_NONNULL = YES;
				CLANG_CXX_LANGUAGE_STANDARD = "gnu++0x";
				CLANG_CXX_LIBRARY = "libc++";
				CLANG_ENABLE_MODULES = YES;
				CLANG_ENABLE_OBJC_ARC = YES;
				CLANG_WARN_BOOL_CONVERSION = YES;
				CLANG_WARN_CONSTANT_CONVERSION = YES;
				CLANG_WARN_DIRECT_OBJC_ISA_USAGE = YES_ERROR;
				CLANG_WARN_DOCUMENTATION_COMMENTS = YES;
				CLANG_WARN_EMPTY_BODY = YES;
				CLANG_WARN_ENUM_CONVERSION = YES;
				CLANG_WARN_INFINITE_RECURSION = YES;
				CLANG_WARN_INT_CONVERSION = YES;
				CLANG_WARN_OBJC_ROOT_CLASS = YES_ERROR;
				CLANG_WARN_SUSPICIOUS_MOVES = YES;
				CLANG_WARN_UNREACHABLE_CODE = YES;
				CLANG_WARN__DUPLICATE_METHOD_MATCH = YES;
				"CODE_SIGN_IDENTITY[sdk=iphoneos*]" = "iPhone Developer";
				COPY_PHASE_STRIP = NO;
				DEBUG_INFORMATION_FORMAT = "dwarf-with-dsym";
				ENABLE_NS_ASSERTIONS = NO;
				ENABLE_STRICT_OBJC_MSGSEND = YES;
				GCC_C_LANGUAGE_STANDARD = gnu99;
				GCC_NO_COMMON_BLOCKS = YES;
				GCC_WARN_64_TO_32_BIT_CONVERSION = YES;
				GCC_WARN_ABOUT_RETURN_TYPE = YES_ERROR;
				GCC_WARN_UNDECLARED_SELECTOR = YES;
				GCC_WARN_UNINITIALIZED_AUTOS = YES_AGGRESSIVE;
				GCC_WARN_UNUSED_FUNCTION = YES;
				GCC_WARN_UNUSED_VARIABLE = YES;
				IPHONEOS_DEPLOYMENT_TARGET = 10.1;
				MTL_ENABLE_DEBUG_INFO = NO;
				SDKROOT = iphoneos;
				SWIFT_OPTIMIZATION_LEVEL = "-Owholemodule";
				TARGETED_DEVICE_FAMILY = "1,2";
				VALIDATE_PRODUCT = YES;
			};
			name = Release;
		};
		E9C56CA01DCBEAE50076F8D9 /* Debug */ = {
			isa = XCBuildConfiguration;
			baseConfigurationReference = A326DE31EC82D7C7AD0811EE /* Pods-AmaClone.debug.xcconfig */;
			buildSettings = {
				ASSETCATALOG_COMPILER_APPICON_NAME = AppIcon;
				INFOPLIST_FILE = AmaClone/Info.plist;
				LD_RUNPATH_SEARCH_PATHS = "$(inherited) @executable_path/Frameworks";
				PRODUCT_BUNDLE_IDENTIFIER = com.colbyg.AmaClone;
				PRODUCT_NAME = "$(TARGET_NAME)";
				SWIFT_VERSION = 3.0;
			};
			name = Debug;
		};
		E9C56CA11DCBEAE50076F8D9 /* Release */ = {
			isa = XCBuildConfiguration;
			baseConfigurationReference = DEDA70F77067A4B6CCEECFAC /* Pods-AmaClone.release.xcconfig */;
			buildSettings = {
				ASSETCATALOG_COMPILER_APPICON_NAME = AppIcon;
				INFOPLIST_FILE = AmaClone/Info.plist;
				LD_RUNPATH_SEARCH_PATHS = "$(inherited) @executable_path/Frameworks";
				PRODUCT_BUNDLE_IDENTIFIER = com.colbyg.AmaClone;
				PRODUCT_NAME = "$(TARGET_NAME)";
				SWIFT_VERSION = 3.0;
			};
			name = Release;
		};
		E9C56CA31DCBEAE50076F8D9 /* Debug */ = {
			isa = XCBuildConfiguration;
			baseConfigurationReference = 4800D03F524F3EDDC1D2B498 /* Pods-AmaCloneTests.debug.xcconfig */;
			buildSettings = {
				ALWAYS_EMBED_SWIFT_STANDARD_LIBRARIES = YES;
				BUNDLE_LOADER = "$(TEST_HOST)";
				INFOPLIST_FILE = AmaCloneTests/Info.plist;
				LD_RUNPATH_SEARCH_PATHS = "$(inherited) @executable_path/Frameworks @loader_path/Frameworks";
				PRODUCT_BUNDLE_IDENTIFIER = com.colbyg.AmaCloneTests;
				PRODUCT_NAME = "$(TARGET_NAME)";
				SWIFT_VERSION = 3.0;
				TEST_HOST = "$(BUILT_PRODUCTS_DIR)/AmaClone.app/AmaClone";
			};
			name = Debug;
		};
		E9C56CA41DCBEAE50076F8D9 /* Release */ = {
			isa = XCBuildConfiguration;
			baseConfigurationReference = 599271862F48C9381F24F3A6 /* Pods-AmaCloneTests.release.xcconfig */;
			buildSettings = {
				ALWAYS_EMBED_SWIFT_STANDARD_LIBRARIES = YES;
				BUNDLE_LOADER = "$(TEST_HOST)";
				INFOPLIST_FILE = AmaCloneTests/Info.plist;
				LD_RUNPATH_SEARCH_PATHS = "$(inherited) @executable_path/Frameworks @loader_path/Frameworks";
				PRODUCT_BUNDLE_IDENTIFIER = com.colbyg.AmaCloneTests;
				PRODUCT_NAME = "$(TARGET_NAME)";
				SWIFT_VERSION = 3.0;
				TEST_HOST = "$(BUILT_PRODUCTS_DIR)/AmaClone.app/AmaClone";
			};
			name = Release;
		};
		E9C56CA61DCBEAE50076F8D9 /* Debug */ = {
			isa = XCBuildConfiguration;
			baseConfigurationReference = 90366946EE0665DC1B27380F /* Pods-AmaCloneUITests.debug.xcconfig */;
			buildSettings = {
				ALWAYS_EMBED_SWIFT_STANDARD_LIBRARIES = YES;
				INFOPLIST_FILE = AmaCloneUITests/Info.plist;
				LD_RUNPATH_SEARCH_PATHS = "$(inherited) @executable_path/Frameworks @loader_path/Frameworks";
				PRODUCT_BUNDLE_IDENTIFIER = com.colbyg.AmaCloneUITests;
				PRODUCT_NAME = "$(TARGET_NAME)";
				SWIFT_VERSION = 3.0;
				TEST_TARGET_NAME = AmaClone;
			};
			name = Debug;
		};
		E9C56CA71DCBEAE50076F8D9 /* Release */ = {
			isa = XCBuildConfiguration;
			baseConfigurationReference = C3C7606F174249D5676FBF43 /* Pods-AmaCloneUITests.release.xcconfig */;
			buildSettings = {
				ALWAYS_EMBED_SWIFT_STANDARD_LIBRARIES = YES;
				INFOPLIST_FILE = AmaCloneUITests/Info.plist;
				LD_RUNPATH_SEARCH_PATHS = "$(inherited) @executable_path/Frameworks @loader_path/Frameworks";
				PRODUCT_BUNDLE_IDENTIFIER = com.colbyg.AmaCloneUITests;
				PRODUCT_NAME = "$(TARGET_NAME)";
				SWIFT_VERSION = 3.0;
				TEST_TARGET_NAME = AmaClone;
			};
			name = Release;
		};
/* End XCBuildConfiguration section */

/* Begin XCConfigurationList section */
		E9C56C6F1DCBEAE50076F8D9 /* Build configuration list for PBXProject "AmaClone" */ = {
			isa = XCConfigurationList;
			buildConfigurations = (
				E9C56C9D1DCBEAE50076F8D9 /* Debug */,
				E9C56C9E1DCBEAE50076F8D9 /* Release */,
			);
			defaultConfigurationIsVisible = 0;
			defaultConfigurationName = Release;
		};
		E9C56C9F1DCBEAE50076F8D9 /* Build configuration list for PBXNativeTarget "AmaClone" */ = {
			isa = XCConfigurationList;
			buildConfigurations = (
				E9C56CA01DCBEAE50076F8D9 /* Debug */,
				E9C56CA11DCBEAE50076F8D9 /* Release */,
			);
			defaultConfigurationIsVisible = 0;
			defaultConfigurationName = Release;
		};
		E9C56CA21DCBEAE50076F8D9 /* Build configuration list for PBXNativeTarget "AmaCloneTests" */ = {
			isa = XCConfigurationList;
			buildConfigurations = (
				E9C56CA31DCBEAE50076F8D9 /* Debug */,
				E9C56CA41DCBEAE50076F8D9 /* Release */,
			);
			defaultConfigurationIsVisible = 0;
			defaultConfigurationName = Release;
		};
		E9C56CA51DCBEAE50076F8D9 /* Build configuration list for PBXNativeTarget "AmaCloneUITests" */ = {
			isa = XCConfigurationList;
			buildConfigurations = (
				E9C56CA61DCBEAE50076F8D9 /* Debug */,
				E9C56CA71DCBEAE50076F8D9 /* Release */,
			);
			defaultConfigurationIsVisible = 0;
			defaultConfigurationName = Release;
		};
/* End XCConfigurationList section */

/* Begin XCVersionGroup section */
		E9C56C7E1DCBEAE50076F8D9 /* AmaClone.xcdatamodeld */ = {
			isa = XCVersionGroup;
			children = (
				E9C56C7F1DCBEAE50076F8D9 /* AmaClone.xcdatamodel */,
			);
			currentVersion = E9C56C7F1DCBEAE50076F8D9 /* AmaClone.xcdatamodel */;
			path = AmaClone.xcdatamodeld;
			sourceTree = "<group>";
			versionGroupType = wrapper.xcdatamodel;
		};
/* End XCVersionGroup section */
	};
	rootObject = E9C56C6C1DCBEAE50076F8D9 /* Project object */;
}
